
Microsoft Visual Studio Solution File, Format Version 12.00
# Visual Studio Version 17
VisualStudioVersion = 17.0.31903.59
MinimumVisualStudioVersion = 10.0.40219.1
Project("{9A19103F-16F7-4668-BE54-9A1E7A4F7556}") = "StreamCompanion", "StreamCompanion\StreamCompanion.csproj", "{1CE501FB-3473-4B8E-A90C-C79054582C49}"
EndProject
Project("{2150E333-8FDC-42A3-9474-1A3956D46DE8}") = "Plugins", "Plugins", "{70C2E05C-DDCF-4F51-A86E-C8E8F49DADA1}"
EndProject
Project("{9A19103F-16F7-4668-BE54-9A1E7A4F7556}") = "CompanionPlugin", "CompanionPlugin\CompanionPlugin.csproj", "{4338E5B6-D631-4C63-B3C3-35B1A68ADBD7}"
EndProject
Project("{9A19103F-16F7-4668-BE54-9A1E7A4F7556}") = "TestPlugin", "Plugins\TestPlugin\TestPlugin.csproj", "{1CB459F5-FBD3-4144-96FA-237194FC71A5}"
EndProject
Project("{2150E333-8FDC-42A3-9474-1A3956D46DE8}") = "Commands", "Commands", "{B8FBF82E-9B38-4DDE-BDDB-EF10A71D2C3D}"
EndProject
Project("{2150E333-8FDC-42A3-9474-1A3956D46DE8}") = "Sources", "Sources", "{AAF187BF-45E7-4ACB-9AC3-6BA428E13546}"
EndProject
Project("{9A19103F-16F7-4668-BE54-9A1E7A4F7556}") = "TwitchPlugin", "Plugins\Sources\TwitchPlugin\TwitchPlugin.csproj", "{A62C16FD-5A87-4569-8967-453CED77D8AE}"
EndProject
Project("{9A19103F-16F7-4668-BE54-9A1E7A4F7556}") = "CryingHomunculus", "Plugins\Commands\CryingHomunculus\CryingHomunculus.csproj", "{F9ED239D-F4AC-4170-9543-D5275F767AEB}"
EndProject
Project("{9A19103F-16F7-4668-BE54-9A1E7A4F7556}") = "DonationAlertsPlugin", "Plugins\Sources\DonationAlertsPlugin\DonationAlertsPlugin.csproj", "{B769330B-31BA-4500-811D-E7C4E274A37E}"
EndProject
Project("{2150E333-8FDC-42A3-9474-1A3956D46DE8}") = "Libraries", "Libraries", "{F76EF1A3-DDD6-4D92-BDB5-950F4FEEF406}"
EndProject
Project("{9A19103F-16F7-4668-BE54-9A1E7A4F7556}") = "DonationAlertsLib", "Libraries\DonationAlertsLib\DonationAlertsLib.csproj", "{D09289F6-05E4-4B34-95C8-2EE775C5C557}"
EndProject
Project("{2150E333-8FDC-42A3-9474-1A3956D46DE8}") = "Tests", "Tests", "{6A0E3F67-F3DC-4CDF-830D-34B79E5C90EA}"
EndProject
Project("{9A19103F-16F7-4668-BE54-9A1E7A4F7556}") = "StreamCompanionTests", "Tests\StreamCompanionTests\StreamCompanionTests.csproj", "{DC321E89-8D08-4FF2-A0BF-8BED664B29C1}"
EndProject
Project("{FAE04EC0-301F-11D3-BF4B-00C04F79EFBC}") = "TrovoLib", "Libraries\TrovoLib\TrovoLib.csproj", "{9B9CC6B6-E5CE-4E16-A227-3D1177CD27DB}"
EndProject
Global
	GlobalSection(SolutionConfigurationPlatforms) = preSolution
		Debug|Any CPU = Debug|Any CPU
		Release|Any CPU = Release|Any CPU
	EndGlobalSection
	GlobalSection(ProjectConfigurationPlatforms) = postSolution
		{1CE501FB-3473-4B8E-A90C-C79054582C49}.Debug|Any CPU.ActiveCfg = Debug|Any CPU
		{1CE501FB-3473-4B8E-A90C-C79054582C49}.Debug|Any CPU.Build.0 = Debug|Any CPU
		{1CE501FB-3473-4B8E-A90C-C79054582C49}.Release|Any CPU.ActiveCfg = Release|Any CPU
		{1CE501FB-3473-4B8E-A90C-C79054582C49}.Release|Any CPU.Build.0 = Release|Any CPU
		{4338E5B6-D631-4C63-B3C3-35B1A68ADBD7}.Debug|Any CPU.ActiveCfg = Debug|Any CPU
		{4338E5B6-D631-4C63-B3C3-35B1A68ADBD7}.Debug|Any CPU.Build.0 = Debug|Any CPU
		{4338E5B6-D631-4C63-B3C3-35B1A68ADBD7}.Release|Any CPU.ActiveCfg = Release|Any CPU
		{4338E5B6-D631-4C63-B3C3-35B1A68ADBD7}.Release|Any CPU.Build.0 = Release|Any CPU
		{1CB459F5-FBD3-4144-96FA-237194FC71A5}.Debug|Any CPU.ActiveCfg = Debug|Any CPU
		{1CB459F5-FBD3-4144-96FA-237194FC71A5}.Debug|Any CPU.Build.0 = Debug|Any CPU
		{1CB459F5-FBD3-4144-96FA-237194FC71A5}.Release|Any CPU.ActiveCfg = Release|Any CPU
		{1CB459F5-FBD3-4144-96FA-237194FC71A5}.Release|Any CPU.Build.0 = Release|Any CPU
		{A62C16FD-5A87-4569-8967-453CED77D8AE}.Debug|Any CPU.ActiveCfg = Debug|Any CPU
		{A62C16FD-5A87-4569-8967-453CED77D8AE}.Debug|Any CPU.Build.0 = Debug|Any CPU
		{A62C16FD-5A87-4569-8967-453CED77D8AE}.Release|Any CPU.ActiveCfg = Release|Any CPU
		{A62C16FD-5A87-4569-8967-453CED77D8AE}.Release|Any CPU.Build.0 = Release|Any CPU
		{F9ED239D-F4AC-4170-9543-D5275F767AEB}.Debug|Any CPU.ActiveCfg = Debug|Any CPU
		{F9ED239D-F4AC-4170-9543-D5275F767AEB}.Debug|Any CPU.Build.0 = Debug|Any CPU
		{F9ED239D-F4AC-4170-9543-D5275F767AEB}.Release|Any CPU.ActiveCfg = Release|Any CPU
		{F9ED239D-F4AC-4170-9543-D5275F767AEB}.Release|Any CPU.Build.0 = Release|Any CPU
		{B769330B-31BA-4500-811D-E7C4E274A37E}.Debug|Any CPU.ActiveCfg = Debug|Any CPU
		{B769330B-31BA-4500-811D-E7C4E274A37E}.Debug|Any CPU.Build.0 = Debug|Any CPU
		{B769330B-31BA-4500-811D-E7C4E274A37E}.Release|Any CPU.ActiveCfg = Release|Any CPU
		{B769330B-31BA-4500-811D-E7C4E274A37E}.Release|Any CPU.Build.0 = Release|Any CPU
		{D09289F6-05E4-4B34-95C8-2EE775C5C557}.Debug|Any CPU.ActiveCfg = Debug|Any CPU
		{D09289F6-05E4-4B34-95C8-2EE775C5C557}.Debug|Any CPU.Build.0 = Debug|Any CPU
		{D09289F6-05E4-4B34-95C8-2EE775C5C557}.Release|Any CPU.ActiveCfg = Release|Any CPU
		{D09289F6-05E4-4B34-95C8-2EE775C5C557}.Release|Any CPU.Build.0 = Release|Any CPU
		{DC321E89-8D08-4FF2-A0BF-8BED664B29C1}.Debug|Any CPU.ActiveCfg = Debug|Any CPU
		{DC321E89-8D08-4FF2-A0BF-8BED664B29C1}.Debug|Any CPU.Build.0 = Debug|Any CPU
		{DC321E89-8D08-4FF2-A0BF-8BED664B29C1}.Release|Any CPU.ActiveCfg = Release|Any CPU
		{DC321E89-8D08-4FF2-A0BF-8BED664B29C1}.Release|Any CPU.Build.0 = Release|Any CPU
		{9B9CC6B6-E5CE-4E16-A227-3D1177CD27DB}.Debug|Any CPU.ActiveCfg = Debug|Any CPU
		{9B9CC6B6-E5CE-4E16-A227-3D1177CD27DB}.Debug|Any CPU.Build.0 = Debug|Any CPU
		{9B9CC6B6-E5CE-4E16-A227-3D1177CD27DB}.Release|Any CPU.ActiveCfg = Release|Any CPU
		{9B9CC6B6-E5CE-4E16-A227-3D1177CD27DB}.Release|Any CPU.Build.0 = Release|Any CPU
	EndGlobalSection
	GlobalSection(SolutionProperties) = preSolution
		HideSolutionNode = FALSE
	EndGlobalSection
	GlobalSection(NestedProjects) = preSolution
		{1CB459F5-FBD3-4144-96FA-237194FC71A5} = {70C2E05C-DDCF-4F51-A86E-C8E8F49DADA1}
		{B8FBF82E-9B38-4DDE-BDDB-EF10A71D2C3D} = {70C2E05C-DDCF-4F51-A86E-C8E8F49DADA1}
		{AAF187BF-45E7-4ACB-9AC3-6BA428E13546} = {70C2E05C-DDCF-4F51-A86E-C8E8F49DADA1}
		{A62C16FD-5A87-4569-8967-453CED77D8AE} = {AAF187BF-45E7-4ACB-9AC3-6BA428E13546}
		{F9ED239D-F4AC-4170-9543-D5275F767AEB} = {B8FBF82E-9B38-4DDE-BDDB-EF10A71D2C3D}
		{B769330B-31BA-4500-811D-E7C4E274A37E} = {AAF187BF-45E7-4ACB-9AC3-6BA428E13546}
		{D09289F6-05E4-4B34-95C8-2EE775C5C557} = {F76EF1A3-DDD6-4D92-BDB5-950F4FEEF406}
		{DC321E89-8D08-4FF2-A0BF-8BED664B29C1} = {6A0E3F67-F3DC-4CDF-830D-34B79E5C90EA}
		{9B9CC6B6-E5CE-4E16-A227-3D1177CD27DB} = {F76EF1A3-DDD6-4D92-BDB5-950F4FEEF406}
	EndGlobalSection
	GlobalSection(ExtensibilityGlobals) = postSolution
		SolutionGuid = {71D72C3A-5756-457D-8BE5-6F5301E58440}
	EndGlobalSection
EndGlobal
